
Microsoft Visual Studio Solution File, Format Version 12.00
# Visual Studio Version 16
VisualStudioVersion = 16.0.29519.87
MinimumVisualStudioVersion = 10.0.40219.1
Project("{FAE04EC0-301F-11D3-BF4B-00C04F79EFBC}") = "HRManageApp", "HRManageApp.csproj", "{17097E4D-C871-4814-AC26-49E1ED1ED64B}"
EndProject
Global
	GlobalSection(SolutionConfigurationPlatforms) = preSolution
		Debug|Any CPU = Debug|Any CPU
		Release|Any CPU = Release|Any CPU
	EndGlobalSection
	GlobalSection(ProjectConfigurationPlatforms) = postSolution
		{17097E4D-C871-4814-AC26-49E1ED1ED64B}.Debug|Any CPU.ActiveCfg = Debug|Any CPU
		{17097E4D-C871-4814-AC26-49E1ED1ED64B}.Debug|Any CPU.Build.0 = Debug|Any CPU
		{17097E4D-C871-4814-AC26-49E1ED1ED64B}.Release|Any CPU.ActiveCfg = Release|Any CPU
		{17097E4D-C871-4814-AC26-49E1ED1ED64B}.Release|Any CPU.Build.0 = Release|Any CPU
	EndGlobalSection
	GlobalSection(SolutionProperties) = preSolution
		HideSolutionNode = FALSE
	EndGlobalSection
	GlobalSection(ExtensibilityGlobals) = postSolution
		SolutionGuid = {074F4BA7-5BB9-4CA4-9E16-875938C336C1}
	EndGlobalSection
EndGlobal
